
Microsoft Visual Studio Solution File, Format Version 12.00
# Visual Studio 14
VisualStudioVersion = 14.0.24720.0
MinimumVisualStudioVersion = 10.0.40219.1
Project("{FAE04EC0-301F-11D3-BF4B-00C04F79EFBC}") = "Task01", "Task01\Task01.csproj", "{A8B1BABD-A7AC-413E-89A6-A24D2420E70B}"
EndProject
Project("{FAE04EC0-301F-11D3-BF4B-00C04F79EFBC}") = "Task02", "Task02\Task02.csproj", "{2EC07035-1C83-42AA-B4B9-9EF029634FE2}"
EndProject
Project("{FAE04EC0-301F-11D3-BF4B-00C04F79EFBC}") = "Task03", "Task03\Task03.csproj", "{B2300AD8-4484-42F0-AE44-30E561CEB0FE}"
EndProject
Global
	GlobalSection(SolutionConfigurationPlatforms) = preSolution
		Debug|Any CPU = Debug|Any CPU
		Release|Any CPU = Release|Any CPU
	EndGlobalSection
	GlobalSection(ProjectConfigurationPlatforms) = postSolution
		{A8B1BABD-A7AC-413E-89A6-A24D2420E70B}.Debug|Any CPU.ActiveCfg = Debug|Any CPU
		{A8B1BABD-A7AC-413E-89A6-A24D2420E70B}.Debug|Any CPU.Build.0 = Debug|Any CPU
		{A8B1BABD-A7AC-413E-89A6-A24D2420E70B}.Release|Any CPU.ActiveCfg = Release|Any CPU
		{A8B1BABD-A7AC-413E-89A6-A24D2420E70B}.Release|Any CPU.Build.0 = Release|Any CPU
		{2EC07035-1C83-42AA-B4B9-9EF029634FE2}.Debug|Any CPU.ActiveCfg = Debug|Any CPU
		{2EC07035-1C83-42AA-B4B9-9EF029634FE2}.Debug|Any CPU.Build.0 = Debug|Any CPU
		{2EC07035-1C83-42AA-B4B9-9EF029634FE2}.Release|Any CPU.ActiveCfg = Release|Any CPU
		{2EC07035-1C83-42AA-B4B9-9EF029634FE2}.Release|Any CPU.Build.0 = Release|Any CPU
		{B2300AD8-4484-42F0-AE44-30E561CEB0FE}.Debug|Any CPU.ActiveCfg = Debug|Any CPU
		{B2300AD8-4484-42F0-AE44-30E561CEB0FE}.Debug|Any CPU.Build.0 = Debug|Any CPU
		{B2300AD8-4484-42F0-AE44-30E561CEB0FE}.Release|Any CPU.ActiveCfg = Release|Any CPU
		{B2300AD8-4484-42F0-AE44-30E561CEB0FE}.Release|Any CPU.Build.0 = Release|Any CPU
	EndGlobalSection
	GlobalSection(SolutionProperties) = preSolution
		HideSolutionNode = FALSE
	EndGlobalSection
	GlobalSection(ExtensibilityGlobals) = postSolution
		SolutionGuid = {170602C1-1DB9-4490-AFA5-99CB801B8EF5}
	EndGlobalSection
EndGlobal
